{
  "nodes": {
    "bling": {
      "flake": false,
      "locked": {
        "lastModified": 1658565404,
        "narHash": "sha256-sUUMgdAmXAB/2ocwoo2OTZlWRbSRLdKi1oZB20qRNWU=",
        "owner": "BlingCorp",
        "repo": "bling",
        "rev": "70c894e58bb88dea55e9799ad373fdaea309da9e",
        "type": "github"
      },
      "original": {
        "owner": "BlingCorp",
        "repo": "bling",
        "type": "github"
      }
    },
    "evans": {
      "flake": false,
      "locked": {
        "lastModified": 1661510139,
        "narHash": "sha256-Dim/8RXBMZTITGlT7F7TdAK9S2ct7w01861QqeT2FZk=",
        "owner": "ktr0731",
        "repo": "evans",
        "rev": "824889990b28d306b30173b6bf066cb7771ad2b6",
        "type": "github"
      },
      "original": {
        "owner": "ktr0731",
        "ref": "v0.10.9",
        "repo": "evans",
        "type": "github"
      }
    },
    "flake-utils": {
      "locked": {
        "lastModified": 1659877975,
        "narHash": "sha256-zllb8aq3YO3h8B/U0/J1WBgAL8EX5yWf5pMj3G0NAmc=",
        "owner": "numtide",
        "repo": "flake-utils",
        "rev": "c0e246b9b83f637f4681389ecabcb2681b4f3af0",
        "type": "github"
      },
      "original": {
        "owner": "numtide",
        "repo": "flake-utils",
        "type": "github"
      }
    },
    "home-manager": {
      "inputs": {
        "nixpkgs": [
          "nixpkgs"
        ],
        "utils": "utils"
      },
      "locked": {
        "lastModified": 1666649150,
        "narHash": "sha256-kINnLxC0KFalUk4tVO/H5hUU7FVAOYYcUSWrsBpnl+I=",
        "owner": "nix-community",
        "repo": "home-manager",
        "rev": "7dc4e4ebd71280842b4d30975439980baaac9db8",
        "type": "github"
      },
      "original": {
        "owner": "nix-community",
        "ref": "master",
        "repo": "home-manager",
        "type": "github"
      }
    },
    "kafkactl": {
      "flake": false,
      "locked": {
        "lastModified": 1653981941,
        "narHash": "sha256-506kNAK8O+50NigmNzMH+PPyT8AkHEC/Ugy25UwTDyE=",
        "owner": "deviceinsight",
        "repo": "kafkactl",
        "rev": "7dc28208eb5adcc998c3da96e8015aa9dbba325d",
        "type": "github"
      },
      "original": {
        "owner": "deviceinsight",
        "ref": "v2.3.0",
        "repo": "kafkactl",
        "type": "github"
      }
    },
    "nixgl": {
      "inputs": {
        "flake-utils": "flake-utils",
        "nixpkgs": "nixpkgs"
      },
      "locked": {
        "lastModified": 1661367362,
        "narHash": "sha256-Qc8MXcV+YCPREu8kk6oggk23ZBKLqeQRAIsLbHEviPE=",
        "owner": "guibou",
        "repo": "nixGL",
        "rev": "7165ffbccbd2cf4379b6cd6d2edd1620a427e5ae",
        "type": "github"
      },
      "original": {
        "owner": "guibou",
        "repo": "nixGL",
        "type": "github"
      }
    },
    "nixpkgs": {
      "locked": {
        "lastModified": 1660551188,
        "narHash": "sha256-a1LARMMYQ8DPx1BgoI/UN4bXe12hhZkCNqdxNi6uS0g=",
        "owner": "nixos",
        "repo": "nixpkgs",
        "rev": "441dc5d512153039f19ef198e662e4f3dbb9fd65",
        "type": "github"
      },
      "original": {
        "owner": "nixos",
        "repo": "nixpkgs",
        "type": "github"
      }
    },
    "nixpkgs-system": {
      "locked": {
        "lastModified": 1642104392,
        "narHash": "sha256-m71b7MgMh9FDv4MnI5sg9MiBVW6DhE1zq+d/KlLWSC8=",
        "owner": "nixos",
        "repo": "nixpkgs",
        "rev": "5aaed40d22f0d9376330b6fa413223435ad6fee5",
        "type": "github"
      },
      "original": {
        "owner": "nixos",
        "repo": "nixpkgs",
        "rev": "5aaed40d22f0d9376330b6fa413223435ad6fee5",
        "type": "github"
      }
    },
    "nixpkgs_2": {
      "locked": {
        "lastModified": 1666753130,
        "narHash": "sha256-Wff1dGPFSneXJLI2c0kkdWTgxnQ416KE6X4KnFkgPYQ=",
        "owner": "nixos",
        "repo": "nixpkgs",
        "rev": "f540aeda6f677354f1e7144ab04352f61aaa0118",
        "type": "github"
      },
      "original": {
        "owner": "nixos",
        "ref": "nixpkgs-unstable",
        "repo": "nixpkgs",
        "type": "github"
      }
    },
    "nvim-auto-save-src": {
      "flake": false,
      "locked": {
        "lastModified": 1662298823,
        "narHash": "sha256-wpaHYciYnywUqwUoz0j6hFGOmq0/B8oaG1dtHtnV48c=",
        "owner": "PolSust",
        "repo": "auto-save.nvim",
        "rev": "16caafe7e252c491aaeaa5dd2cf614828bdcf759",
        "type": "github"
      },
      "original": {
        "owner": "PolSust",
        "ref": "allow_noautocmd_autosaving",
        "repo": "auto-save.nvim",
        "type": "github"
      }
    },
    "nvim-local-history-src": {
      "flake": false,
      "locked": {
        "lastModified": 1599995122,
        "narHash": "sha256-vOCZDiSOdD8Yb1C6Qd1wuO//clxCRIVIYW+xPIitEZg=",
        "owner": "dinhhuy258",
        "repo": "vim-local-history",
        "rev": "000b8acecd14ff005a4e1198c82be901c7fbe904",
        "type": "github"
      },
      "original": {
        "owner": "dinhhuy258",
        "repo": "vim-local-history",
        "type": "github"
      }
    },
    "nvim-lspsaga-src": {
      "flake": false,
      "locked": {
        "lastModified": 1666765376,
        "narHash": "sha256-QprSfsBksT3Eq8nZqRb+JLyKc/mP12d11y+E7pDC7mw=",
        "owner": "glepnir",
        "repo": "lspsaga.nvim",
        "rev": "391cf74475ad094ccad7c5501710b27fcdb9b883",
        "type": "github"
      },
      "original": {
        "owner": "glepnir",
        "repo": "lspsaga.nvim",
        "type": "github"
      }
    },
    "nvim-surround-src": {
      "flake": false,
      "locked": {
        "lastModified": 1665764330,
        "narHash": "sha256-mXKGoTaE+TgB3I5d4VcmM80PMOvXI0ftLOg/rAa1uYM=",
        "owner": "kylechui",
        "repo": "nvim-surround",
        "rev": "81f672ad6525b5d8cc27bc6ff84636cc12664485",
        "type": "github"
      },
      "original": {
        "owner": "kylechui",
        "repo": "nvim-surround",
        "type": "github"
      }
    },
    "nvim-telescope-fzf-native-src": {
      "flake": false,
      "locked": {
        "lastModified": 1662442760,
        "narHash": "sha256-hdQuS7AcvN5vIXBJnSwFsuyvX89+XDrSsea9TBWF21s=",
        "owner": "nvim-telescope",
        "repo": "telescope-fzf-native.nvim",
        "rev": "65c0ee3d4bb9cb696e262bca1ea5e9af3938fc90",
        "type": "github"
      },
      "original": {
        "owner": "nvim-telescope",
        "repo": "telescope-fzf-native.nvim",
        "type": "github"
      }
    },
    "nvim-tokyonight-src": {
      "flake": false,
      "locked": {
        "lastModified": 1666558747,
        "narHash": "sha256-hZufHQkI2M0I4mEqV9qs6PkL74aqScKJ3RA5QOulX+0=",
        "owner": "folke",
        "repo": "tokyonight.nvim",
        "rev": "16a294bea92dc8f16ad205c71ce61bf05e79deb3",
        "type": "github"
      },
      "original": {
        "owner": "folke",
        "repo": "tokyonight.nvim",
        "type": "github"
      }
    },
    "nvim-tree-climber-src": {
      "flake": false,
      "locked": {
        "lastModified": 1665733371,
        "narHash": "sha256-iivP8g8aSeEnS/dBcb0sg583ijzhWFA7w430xWPmjF0=",
        "owner": "drybalka",
        "repo": "tree-climber.nvim",
        "rev": "9b0c8c8358f575f924008945c74fd4f40d814cd7",
        "type": "github"
      },
      "original": {
        "owner": "drybalka",
        "repo": "tree-climber.nvim",
        "type": "github"
      }
    },
    "nvim-ts-context-commentstring-src": {
      "flake": false,
      "locked": {
        "lastModified": 1665736470,
        "narHash": "sha256-L2xy6mp69X5pmfN5V2YQX5vbiYtyPsDSVOpWnsZmAsM=",
        "owner": "JoosepAlviste",
        "repo": "nvim-ts-context-commentstring",
        "rev": "2941f0064874b33e93d3a794a8a4e99f5f6ece56",
        "type": "github"
      },
      "original": {
        "owner": "JoosepAlviste",
        "repo": "nvim-ts-context-commentstring",
        "type": "github"
      }
    },
    "nvim-tundra-src": {
      "flake": false,
      "locked": {
        "lastModified": 1663093818,
        "narHash": "sha256-V29rhZ4vegfmiwAtCT5GnAgA42PjCX8l8XeI+To9NNM=",
        "owner": "sam4llis",
        "repo": "nvim-tundra",
        "rev": "e08d3970547d749a7a48624bdd4223c1ba0d0d86",
        "type": "github"
      },
      "original": {
        "owner": "sam4llis",
        "repo": "nvim-tundra",
        "type": "github"
      }
    },
    "nvim-which-key-src": {
      "flake": false,
      "locked": {
        "lastModified": 1666761755,
        "narHash": "sha256-vZC0j4kHp+dG5COZ0q+YwH/c9lQd5vQh/NOkDtUo8EM=",
        "owner": "folke",
        "repo": "which-key.nvim",
        "rev": "1b7f09a38afb48e295109137790c3a3099881c2f",
        "type": "github"
      },
      "original": {
        "owner": "folke",
        "repo": "which-key.nvim",
        "type": "github"
      }
    },
    "root": {
      "inputs": {
        "bling": "bling",
        "evans": "evans",
        "home-manager": "home-manager",
        "kafkactl": "kafkactl",
        "nixgl": "nixgl",
        "nixpkgs": "nixpkgs_2",
        "nixpkgs-system": "nixpkgs-system",
        "nvim-auto-save-src": "nvim-auto-save-src",
        "nvim-local-history-src": "nvim-local-history-src",
        "nvim-lspsaga-src": "nvim-lspsaga-src",
        "nvim-surround-src": "nvim-surround-src",
        "nvim-telescope-fzf-native-src": "nvim-telescope-fzf-native-src",
        "nvim-tokyonight-src": "nvim-tokyonight-src",
        "nvim-tree-climber-src": "nvim-tree-climber-src",
        "nvim-ts-context-commentstring-src": "nvim-ts-context-commentstring-src",
        "nvim-tundra-src": "nvim-tundra-src",
        "nvim-which-key-src": "nvim-which-key-src"
      }
    },
    "utils": {
      "locked": {
        "lastModified": 1659877975,
        "narHash": "sha256-zllb8aq3YO3h8B/U0/J1WBgAL8EX5yWf5pMj3G0NAmc=",
        "owner": "numtide",
        "repo": "flake-utils",
        "rev": "c0e246b9b83f637f4681389ecabcb2681b4f3af0",
        "type": "github"
      },
      "original": {
        "owner": "numtide",
        "repo": "flake-utils",
        "type": "github"
      }
    }
  },
  "root": "root",
  "version": 7
}
