{
  "nodes": {
    "bling": {
      "flake": false,
      "locked": {
        "lastModified": 1652282912,
        "narHash": "sha256-TBEaxHRYtEyOVxtym/IaXuq0CVbizWTx8mAqIRww/r4=",
        "owner": "BlingCorp",
        "repo": "bling",
        "rev": "6e4ecb334c3764483d04b4e6bfc15abf98043bef",
        "type": "github"
      },
      "original": {
        "owner": "BlingCorp",
        "repo": "bling",
        "type": "github"
      }
    },
    "evans": {
      "flake": false,
      "locked": {
        "lastModified": 1642836688,
        "narHash": "sha256-F9URMwQaSAQZaiZ95rDZqe8+YcJ9aMInSTIgQ7JLyOw=",
        "owner": "ktr0731",
        "repo": "evans",
        "rev": "3ab359e479fbaad857bcf92c599af56c8eb6b211",
        "type": "github"
      },
      "original": {
        "owner": "ktr0731",
        "ref": "v0.10.2",
        "repo": "evans",
        "type": "github"
      }
    },
    "home-manager": {
      "inputs": {
        "nixpkgs": [
          "nixpkgs"
        ]
      },
      "locked": {
        "lastModified": 1653518057,
        "narHash": "sha256-cam3Nfae5ADeEs6mRPzr0jXB7+DhyMIXz0/0Q13r/yk=",
        "owner": "nix-community",
        "repo": "home-manager",
        "rev": "64831f938bd413cefde0b0cf871febc494afaa4f",
        "type": "github"
      },
      "original": {
        "owner": "nix-community",
        "ref": "master",
        "repo": "home-manager",
        "type": "github"
      }
    },
    "nixgl": {
      "inputs": {
        "nixpkgs": "nixpkgs"
      },
      "locked": {
        "lastModified": 1653311504,
        "narHash": "sha256-4/EOfhL9gRAhUlC57DEQyg74RrcXPG8TTUDF8G7l6OY=",
        "owner": "guibou",
        "repo": "nixGL",
        "rev": "3214ffead3934d1d8873657fdde4a4527078f9f6",
        "type": "github"
      },
      "original": {
        "owner": "guibou",
        "repo": "nixGL",
        "type": "github"
      }
    },
    "nixpkgs": {
      "locked": {
        "lastModified": 1653326962,
        "narHash": "sha256-W8feCYqKTsMre4nAEpv5Kx1PVFC+hao/LwqtB2Wci/8=",
        "owner": "NixOS",
        "repo": "nixpkgs",
        "rev": "41cc1d5d9584103be4108c1815c350e07c807036",
        "type": "github"
      },
      "original": {
        "id": "nixpkgs",
        "type": "indirect"
      }
    },
    "nixpkgs-system": {
      "locked": {
        "lastModified": 1642104392,
        "narHash": "sha256-m71b7MgMh9FDv4MnI5sg9MiBVW6DhE1zq+d/KlLWSC8=",
        "owner": "nixos",
        "repo": "nixpkgs",
        "rev": "5aaed40d22f0d9376330b6fa413223435ad6fee5",
        "type": "github"
      },
      "original": {
        "owner": "nixos",
        "repo": "nixpkgs",
        "rev": "5aaed40d22f0d9376330b6fa413223435ad6fee5",
        "type": "github"
      }
    },
    "nixpkgs_2": {
      "locked": {
        "lastModified": 1653326962,
        "narHash": "sha256-W8feCYqKTsMre4nAEpv5Kx1PVFC+hao/LwqtB2Wci/8=",
        "owner": "nixos",
        "repo": "nixpkgs",
        "rev": "41cc1d5d9584103be4108c1815c350e07c807036",
        "type": "github"
      },
      "original": {
        "owner": "nixos",
        "ref": "nixpkgs-unstable",
        "repo": "nixpkgs",
        "type": "github"
      }
    },
    "root": {
      "inputs": {
        "bling": "bling",
        "evans": "evans",
        "home-manager": "home-manager",
        "nixgl": "nixgl",
        "nixpkgs": "nixpkgs_2",
        "nixpkgs-system": "nixpkgs-system"
      }
    }
  },
  "root": "root",
  "version": 7
}
