{
  "nodes": {
    "bling": {
      "flake": false,
      "locked": {
        "lastModified": 1642982804,
        "narHash": "sha256-uhV7kK6auO52GTrMtrgtVkm+eDeuJUyb7WjPu7ZfVLk=",
        "owner": "BlingCorp",
        "repo": "bling",
        "rev": "718ac6da7a9a6a61b17bef63316ce6978adda318",
        "type": "github"
      },
      "original": {
        "owner": "BlingCorp",
        "repo": "bling",
        "type": "github"
      }
    },
    "evans": {
      "flake": false,
      "locked": {
        "lastModified": 1642836688,
        "narHash": "sha256-F9URMwQaSAQZaiZ95rDZqe8+YcJ9aMInSTIgQ7JLyOw=",
        "owner": "ktr0731",
        "repo": "evans",
        "rev": "3ab359e479fbaad857bcf92c599af56c8eb6b211",
        "type": "github"
      },
      "original": {
        "owner": "ktr0731",
        "ref": "v0.10.2",
        "repo": "evans",
        "type": "github"
      }
    },
    "home-manager": {
      "inputs": {
        "nixpkgs": [
          "nixpkgs"
        ]
      },
      "locked": {
        "lastModified": 1643411645,
        "narHash": "sha256-q1TjWmK1MeGNfcU8ud11v9ZTqq2UI8YiCVKCD2MeAEk=",
        "owner": "nix-community",
        "repo": "home-manager",
        "rev": "acf824c9ed70f623b424c2ca41d0f6821014c67c",
        "type": "github"
      },
      "original": {
        "owner": "nix-community",
        "ref": "master",
        "repo": "home-manager",
        "type": "github"
      }
    },
    "nixpkgs": {
      "locked": {
        "lastModified": 1643472818,
        "narHash": "sha256-qzVPxKDUubYIxKRSuDl/JgzXWSmGvUVYny9SxFMfPJM=",
        "owner": "nixos",
        "repo": "nixpkgs",
        "rev": "7f65e4abd5ecaad12d2d26e4380d1a7d8edafea7",
        "type": "github"
      },
      "original": {
        "owner": "nixos",
        "ref": "nixpkgs-unstable",
        "repo": "nixpkgs",
        "type": "github"
      }
    },
    "nixpkgs-system": {
      "locked": {
        "lastModified": 1642104392,
        "narHash": "sha256-m71b7MgMh9FDv4MnI5sg9MiBVW6DhE1zq+d/KlLWSC8=",
        "owner": "nixos",
        "repo": "nixpkgs",
        "rev": "5aaed40d22f0d9376330b6fa413223435ad6fee5",
        "type": "github"
      },
      "original": {
        "owner": "nixos",
        "repo": "nixpkgs",
        "rev": "5aaed40d22f0d9376330b6fa413223435ad6fee5",
        "type": "github"
      }
    },
    "root": {
      "inputs": {
        "bling": "bling",
        "evans": "evans",
        "home-manager": "home-manager",
        "nixpkgs": "nixpkgs",
        "nixpkgs-system": "nixpkgs-system"
      }
    }
  },
  "root": "root",
  "version": 7
}
